
Microsoft Visual Studio Solution File, Format Version 12.00
# Visual Studio 2013
VisualStudioVersion = 12.0.21005.1
MinimumVisualStudioVersion = 10.0.40219.1
Project("{8BC9CEB8-8B4A-11D0-8D11-00A0C91BC942}") = "Cellular Automata", "Cellular Automata\Cellular Automata.vcxproj", "{A32A1ED4-B860-4682-8B61-4C1BF6219562}"
EndProject
Global
	GlobalSection(SolutionConfigurationPlatforms) = preSolution
		Debug|Win32 = Debug|Win32
		Release|Win32 = Release|Win32
	EndGlobalSection
	GlobalSection(ProjectConfigurationPlatforms) = postSolution
		{A32A1ED4-B860-4682-8B61-4C1BF6219562}.Debug|Win32.ActiveCfg = Debug|Win32
		{A32A1ED4-B860-4682-8B61-4C1BF6219562}.Debug|Win32.Build.0 = Debug|Win32
		{A32A1ED4-B860-4682-8B61-4C1BF6219562}.Release|Win32.ActiveCfg = Release|Win32
		{A32A1ED4-B860-4682-8B61-4C1BF6219562}.Release|Win32.Build.0 = Release|Win32
	EndGlobalSection
	GlobalSection(SolutionProperties) = preSolution
		HideSolutionNode = FALSE
	EndGlobalSection
EndGlobal
